
Microsoft Visual Studio Solution File, Format Version 12.00
Project("{FAE04EC0-301F-11D3-BF4B-00C04F79EFBC}") = "Can-Place-Flowers-605", "Can-Place-Flowers-605\Can-Place-Flowers-605.csproj", "{861785B1-E8A3-45D6-9D75-D8C6C02F9C97}"
EndProject
Global
	GlobalSection(SolutionConfigurationPlatforms) = preSolution
		Debug|Any CPU = Debug|Any CPU
		Release|Any CPU = Release|Any CPU
	EndGlobalSection
	GlobalSection(ProjectConfigurationPlatforms) = postSolution
		{861785B1-E8A3-45D6-9D75-D8C6C02F9C97}.Debug|Any CPU.ActiveCfg = Debug|Any CPU
		{861785B1-E8A3-45D6-9D75-D8C6C02F9C97}.Debug|Any CPU.Build.0 = Debug|Any CPU
		{861785B1-E8A3-45D6-9D75-D8C6C02F9C97}.Release|Any CPU.ActiveCfg = Release|Any CPU
		{861785B1-E8A3-45D6-9D75-D8C6C02F9C97}.Release|Any CPU.Build.0 = Release|Any CPU
	EndGlobalSection
EndGlobal
