
Microsoft Visual Studio Solution File, Format Version 12.00
Project("{FAE04EC0-301F-11D3-BF4B-00C04F79EFBC}") = "Reverse-Vowels-Of-A-String-345", "Reverse-Vowels-Of-A-String-345\Reverse-Vowels-Of-A-String-345.csproj", "{1C57229E-2A1A-4BEE-810A-1884B382B85A}"
EndProject
Global
	GlobalSection(SolutionConfigurationPlatforms) = preSolution
		Debug|Any CPU = Debug|Any CPU
		Release|Any CPU = Release|Any CPU
	EndGlobalSection
	GlobalSection(ProjectConfigurationPlatforms) = postSolution
		{1C57229E-2A1A-4BEE-810A-1884B382B85A}.Debug|Any CPU.ActiveCfg = Debug|Any CPU
		{1C57229E-2A1A-4BEE-810A-1884B382B85A}.Debug|Any CPU.Build.0 = Debug|Any CPU
		{1C57229E-2A1A-4BEE-810A-1884B382B85A}.Release|Any CPU.ActiveCfg = Release|Any CPU
		{1C57229E-2A1A-4BEE-810A-1884B382B85A}.Release|Any CPU.Build.0 = Release|Any CPU
	EndGlobalSection
EndGlobal
